// !$*UTF8*$!
{
	archiveVersion = 1;
	classes = {
	};
	objectVersion = 56;
	objects = {

/* Begin PBXBuildFile section */
		504EC3081FED79650016851F /* AppDelegate.swift in Sources */ = {isa = PBXBuildFile; fileRef = 504EC3071FED79650016851F /* AppDelegate.swift */; };
		504EC30F1FED79650016851F /* Assets.xcassets in Resources */ = {isa = PBXBuildFile; fileRef = 504EC30E1FED79650016851F /* Assets.xcassets */; };
		504EC3121FED79650016851F /* LaunchScreen.storyboard in Resources */ = {isa = PBXBuildFile; fileRef = 504EC3101FED79650016851F /* LaunchScreen.storyboard */; };
		A20000000000000000000002 /* OneCartApp.swift in Sources */ = {isa = PBXBuildFile; fileRef = A10000000000000000000002 /* OneCartApp.swift */; };
		A20000000000000000000003 /* ManagedObjects.swift in Sources */ = {isa = PBXBuildFile; fileRef = A10000000000000000000003 /* ManagedObjects.swift */; };
		A20000000000000000000004 /* PersistenceController.swift in Sources */ = {isa = PBXBuildFile; fileRef = A10000000000000000000004 /* PersistenceController.swift */; };
		A20000000000000000000005 /* FamilySpaceRepository.swift in Sources */ = {isa = PBXBuildFile; fileRef = A10000000000000000000005 /* FamilySpaceRepository.swift */; };
		A20000000000000000000008 /* AppSession.swift in Sources */ = {isa = PBXBuildFile; fileRef = A10000000000000000000008 /* AppSession.swift */; };
		A20000000000000000000009 /* RootView.swift in Sources */ = {isa = PBXBuildFile; fileRef = A10000000000000000000009 /* RootView.swift */; };
		A2000000000000000000000A /* ShoppingViews.swift in Sources */ = {isa = PBXBuildFile; fileRef = A1000000000000000000000A /* ShoppingViews.swift */; };
		A2000000000000000000000E /* ProductMedia.swift in Sources */ = {isa = PBXBuildFile; fileRef = A10000000000000000000010 /* ProductMedia.swift */; };
		A20000000000000000000010 /* ProfileView.swift in Sources */ = {isa = PBXBuildFile; fileRef = A10000000000000000000013 /* ProfileView.swift */; };
		A20000000000000000000013 /* FamilyCartMergeTests.swift in Sources */ = {isa = PBXBuildFile; fileRef = A10000000000000000000018 /* FamilyCartMergeTests.swift */; };
		A20000000000000000000014 /* ManagedObjectModelTests.swift in Sources */ = {isa = PBXBuildFile; fileRef = A10000000000000000000019 /* ManagedObjectModelTests.swift */; };
		A20000000000000000000016 /* CartManagementSheet.swift in Sources */ = {isa = PBXBuildFile; fileRef = A1000000000000000000001B /* CartManagementSheet.swift */; };
		A20000000000000000000017 /* CartShareViewModel.swift in Sources */ = {isa = PBXBuildFile; fileRef = A1000000000000000000001C /* CartShareViewModel.swift */; };
		A20000000000000000000018 /* CartTestSupport.swift in Sources */ = {isa = PBXBuildFile; fileRef = A1000000000000000000001D /* CartTestSupport.swift */; };
		A20000000000000000000019 /* CartItemsTests.swift in Sources */ = {isa = PBXBuildFile; fileRef = A1000000000000000000001E /* CartItemsTests.swift */; };
		A2000000000000000000001A /* PurchaseSessionTests.swift in Sources */ = {isa = PBXBuildFile; fileRef = A1000000000000000000001F /* PurchaseSessionTests.swift */; };
		A2000000000000000000001B /* FamilyCartLifecycleTests.swift in Sources */ = {isa = PBXBuildFile; fileRef = A10000000000000000000020 /* FamilyCartLifecycleTests.swift */; };
		A2000000000000000000001C /* CartAccessTests.swift in Sources */ = {isa = PBXBuildFile; fileRef = A10000000000000000000021 /* CartAccessTests.swift */; };
		A2000000000000000000001D /* StableIDTests.swift in Sources */ = {isa = PBXBuildFile; fileRef = A10000000000000000000022 /* StableIDTests.swift */; };
		A2000000000000000000001E /* PersistenceRoutingTests.swift in Sources */ = {isa = PBXBuildFile; fileRef = A10000000000000000000023 /* PersistenceRoutingTests.swift */; };
		A2000000000000000000001F /* CloudKitErrorMappingTests.swift in Sources */ = {isa = PBXBuildFile; fileRef = A10000000000000000000024 /* CloudKitErrorMappingTests.swift */; };
		A20000000000000000000030 /* FragileStoreLoadTests.swift in Sources */ = {isa = PBXBuildFile; fileRef = A10000000000000000000030 /* FragileStoreLoadTests.swift */; };
		A20000000000000000000031 /* FragileSyncOutcomeTests.swift in Sources */ = {isa = PBXBuildFile; fileRef = A10000000000000000000031 /* FragileSyncOutcomeTests.swift */; };
		A20000000000000000000021 /* AppleSignInTests.swift in Sources */ = {isa = PBXBuildFile; fileRef = A10000000000000000000026 /* AppleSignInTests.swift */; };
		A20000000000000000000022 /* SharedCartJoinTests.swift in Sources */ = {isa = PBXBuildFile; fileRef = A10000000000000000000027 /* SharedCartJoinTests.swift */; };
		D20000000000000000000002 /* CloudKitModels.swift in Sources */ = {isa = PBXBuildFile; fileRef = D10000000000000000000001 /* CloudKitModels.swift */; };
		D20000000000000000000003 /* CloudKitErrors.swift in Sources */ = {isa = PBXBuildFile; fileRef = D10000000000000000000002 /* CloudKitErrors.swift */; };
		D20000000000000000000004 /* CloudKitShareSupport.swift in Sources */ = {isa = PBXBuildFile; fileRef = D10000000000000000000003 /* CloudKitShareSupport.swift */; };
		D20000000000000000000005 /* CloudKitPermissionAuthorizer.swift in Sources */ = {isa = PBXBuildFile; fileRef = D10000000000000000000004 /* CloudKitPermissionAuthorizer.swift */; };
		D20000000000000000000006 /* CloudKitBackendService.swift in Sources */ = {isa = PBXBuildFile; fileRef = D10000000000000000000005 /* CloudKitBackendService.swift */; };
		D20000000000000000000007 /* FamilyInviteLinkBuilder.swift in Sources */ = {isa = PBXBuildFile; fileRef = D10000000000000000000006 /* FamilyInviteLinkBuilder.swift */; };
		D20000000000000000000008 /* CartSyncService.swift in Sources */ = {isa = PBXBuildFile; fileRef = D10000000000000000000007 /* CartSyncService.swift */; };
		D2000000000000000000000C /* CartContentStore.swift in Sources */ = {isa = PBXBuildFile; fileRef = D1000000000000000000000C /* CartContentStore.swift */; };
		D2000000000000000000000D /* SessionBootstrapper.swift in Sources */ = {isa = PBXBuildFile; fileRef = D1000000000000000000000D /* SessionBootstrapper.swift */; };
		D2000000000000000000000E /* CloudSyncCoordinator.swift in Sources */ = {isa = PBXBuildFile; fileRef = D1000000000000000000000E /* CloudSyncCoordinator.swift */; };
		D20000000000000000000009 /* FamilyShareOrchestrator.swift in Sources */ = {isa = PBXBuildFile; fileRef = D10000000000000000000008 /* FamilyShareOrchestrator.swift */; };
		D2000000000000000000000A /* HistoryViews.swift in Sources */ = {isa = PBXBuildFile; fileRef = D10000000000000000000009 /* HistoryViews.swift */; };
		D2000000000000000000000B /* CartChromeViews.swift in Sources */ = {isa = PBXBuildFile; fileRef = D1000000000000000000000A /* CartChromeViews.swift */; };
		E20000000000000000000001 /* OneCartStableID.swift in Sources */ = {isa = PBXBuildFile; fileRef = E10000000000000000000001 /* OneCartStableID.swift */; };
		E20000000000000000000002 /* AppleSignInService.swift in Sources */ = {isa = PBXBuildFile; fileRef = E10000000000000000000002 /* AppleSignInService.swift */; };
		E20000000000000000000003 /* WelcomeView.swift in Sources */ = {isa = PBXBuildFile; fileRef = E10000000000000000000003 /* WelcomeView.swift */; };
		E20000000000000000000004 /* WelcomeViewModel.swift in Sources */ = {isa = PBXBuildFile; fileRef = E10000000000000000000004 /* WelcomeViewModel.swift */; };
		E20000000000000000000005 /* ShoppingViewModel.swift in Sources */ = {isa = PBXBuildFile; fileRef = E10000000000000000000005 /* ShoppingViewModel.swift */; };
		E20000000000000000000007 /* Localizable.xcstrings in Resources */ = {isa = PBXBuildFile; fileRef = E10000000000000000000007 /* Localizable.xcstrings */; };
		E20000000000000000000008 /* InfoPlist.xcstrings in Resources */ = {isa = PBXBuildFile; fileRef = E10000000000000000000008 /* InfoPlist.xcstrings */; };
		F20000000000000000000001 /* FamilyCartMerge.swift in Sources */ = {isa = PBXBuildFile; fileRef = F10000000000000000000001 /* FamilyCartMerge.swift */; };
		F20000000000000000000002 /* MainTabView.swift in Sources */ = {isa = PBXBuildFile; fileRef = F10000000000000000000002 /* MainTabView.swift */; };
		F20000000000000000000003 /* MoreView.swift in Sources */ = {isa = PBXBuildFile; fileRef = F10000000000000000000003 /* MoreView.swift */; };
		F20000000000000000000004 /* DemoUISupport.swift in Sources */ = {isa = PBXBuildFile; fileRef = F10000000000000000000004 /* DemoUISupport.swift */; };
		F20000000000000000000005 /* SceneDelegate.swift in Sources */ = {isa = PBXBuildFile; fileRef = F10000000000000000000005 /* SceneDelegate.swift */; };
/* End PBXBuildFile section */

/* Begin PBXContainerItemProxy section */
		A60000000000000000000001 /* PBXContainerItemProxy */ = {
			isa = PBXContainerItemProxy;
			containerPortal = 504EC2FC1FED79650016851F /* Project object */;
			proxyType = 1;
			remoteGlobalIDString = 504EC3031FED79650016851F;
			remoteInfo = OneCart;
		};
/* End PBXContainerItemProxy section */

/* Begin PBXFileReference section */
		504EC3041FED79650016851F /* OneCart.app */ = {isa = PBXFileReference; explicitFileType = wrapper.application; includeInIndex = 0; path = OneCart.app; sourceTree = BUILT_PRODUCTS_DIR; };
		504EC3071FED79650016851F /* AppDelegate.swift */ = {isa = PBXFileReference; lastKnownFileType = sourcecode.swift; path = AppDelegate.swift; sourceTree = "<group>"; };
		504EC30E1FED79650016851F /* Assets.xcassets */ = {isa = PBXFileReference; lastKnownFileType = folder.assetcatalog; path = Assets.xcassets; sourceTree = "<group>"; };
		504EC3111FED79650016851F /* Base */ = {isa = PBXFileReference; lastKnownFileType = file.storyboard; name = Base; path = Base.lproj/LaunchScreen.storyboard; sourceTree = "<group>"; };
		504EC3131FED79650016851F /* Info.plist */ = {isa = PBXFileReference; lastKnownFileType = text.plist.xml; path = Info.plist; sourceTree = "<group>"; };
		A10000000000000000000002 /* OneCartApp.swift */ = {isa = PBXFileReference; lastKnownFileType = sourcecode.swift; path = OneCartApp.swift; sourceTree = "<group>"; };
		A10000000000000000000003 /* ManagedObjects.swift */ = {isa = PBXFileReference; lastKnownFileType = sourcecode.swift; path = ManagedObjects.swift; sourceTree = "<group>"; };
		A10000000000000000000004 /* PersistenceController.swift */ = {isa = PBXFileReference; lastKnownFileType = sourcecode.swift; path = PersistenceController.swift; sourceTree = "<group>"; };
		A10000000000000000000005 /* FamilySpaceRepository.swift */ = {isa = PBXFileReference; lastKnownFileType = sourcecode.swift; path = FamilySpaceRepository.swift; sourceTree = "<group>"; };
		A10000000000000000000008 /* AppSession.swift */ = {isa = PBXFileReference; lastKnownFileType = sourcecode.swift; path = AppSession.swift; sourceTree = "<group>"; };
		A10000000000000000000009 /* RootView.swift */ = {isa = PBXFileReference; lastKnownFileType = sourcecode.swift; path = RootView.swift; sourceTree = "<group>"; };
		A1000000000000000000000A /* ShoppingViews.swift */ = {isa = PBXFileReference; lastKnownFileType = sourcecode.swift; path = ShoppingViews.swift; sourceTree = "<group>"; };
		A1000000000000000000000E /* OneCartTests.xctest */ = {isa = PBXFileReference; explicitFileType = wrapper.cfbundle; includeInIndex = 0; path = OneCartTests.xctest; sourceTree = BUILT_PRODUCTS_DIR; };
		A1000000000000000000000F /* OneCartDebug.entitlements */ = {isa = PBXFileReference; lastKnownFileType = text.plist.entitlements; path = OneCartDebug.entitlements; sourceTree = "<group>"; };
		A10000000000000000000010 /* ProductMedia.swift */ = {isa = PBXFileReference; lastKnownFileType = sourcecode.swift; path = ProductMedia.swift; sourceTree = "<group>"; };
		A10000000000000000000013 /* ProfileView.swift */ = {isa = PBXFileReference; lastKnownFileType = sourcecode.swift; path = ProfileView.swift; sourceTree = "<group>"; };
		A10000000000000000000014 /* OneCartRelease.entitlements */ = {isa = PBXFileReference; lastKnownFileType = text.plist.entitlements; path = OneCartRelease.entitlements; sourceTree = "<group>"; };
		A10000000000000000000015 /* PrivacyInfo.xcprivacy */ = {isa = PBXFileReference; lastKnownFileType = text.xml; path = PrivacyInfo.xcprivacy; sourceTree = "<group>"; };
		A10000000000000000000018 /* FamilyCartMergeTests.swift */ = {isa = PBXFileReference; lastKnownFileType = sourcecode.swift; path = FamilyCartMergeTests.swift; sourceTree = "<group>"; };
		A10000000000000000000019 /* ManagedObjectModelTests.swift */ = {isa = PBXFileReference; lastKnownFileType = sourcecode.swift; path = ManagedObjectModelTests.swift; sourceTree = "<group>"; };
		A1000000000000000000001B /* CartManagementSheet.swift */ = {isa = PBXFileReference; lastKnownFileType = sourcecode.swift; path = CartManagementSheet.swift; sourceTree = "<group>"; };
		A1000000000000000000001C /* CartShareViewModel.swift */ = {isa = PBXFileReference; lastKnownFileType = sourcecode.swift; path = CartShareViewModel.swift; sourceTree = "<group>"; };
		A1000000000000000000001D /* CartTestSupport.swift */ = {isa = PBXFileReference; lastKnownFileType = sourcecode.swift; path = CartTestSupport.swift; sourceTree = "<group>"; };
		A1000000000000000000001E /* CartItemsTests.swift */ = {isa = PBXFileReference; lastKnownFileType = sourcecode.swift; path = CartItemsTests.swift; sourceTree = "<group>"; };
		A1000000000000000000001F /* PurchaseSessionTests.swift */ = {isa = PBXFileReference; lastKnownFileType = sourcecode.swift; path = PurchaseSessionTests.swift; sourceTree = "<group>"; };
		A10000000000000000000020 /* FamilyCartLifecycleTests.swift */ = {isa = PBXFileReference; lastKnownFileType = sourcecode.swift; path = FamilyCartLifecycleTests.swift; sourceTree = "<group>"; };
		A10000000000000000000021 /* CartAccessTests.swift */ = {isa = PBXFileReference; lastKnownFileType = sourcecode.swift; path = CartAccessTests.swift; sourceTree = "<group>"; };
		A10000000000000000000022 /* StableIDTests.swift */ = {isa = PBXFileReference; lastKnownFileType = sourcecode.swift; path = StableIDTests.swift; sourceTree = "<group>"; };
		A10000000000000000000023 /* PersistenceRoutingTests.swift */ = {isa = PBXFileReference; lastKnownFileType = sourcecode.swift; path = PersistenceRoutingTests.swift; sourceTree = "<group>"; };
		A10000000000000000000024 /* CloudKitErrorMappingTests.swift */ = {isa = PBXFileReference; lastKnownFileType = sourcecode.swift; path = CloudKitErrorMappingTests.swift; sourceTree = "<group>"; };
		A10000000000000000000030 /* FragileStoreLoadTests.swift */ = {isa = PBXFileReference; lastKnownFileType = sourcecode.swift; path = FragileStoreLoadTests.swift; sourceTree = "<group>"; };
		A10000000000000000000031 /* FragileSyncOutcomeTests.swift */ = {isa = PBXFileReference; lastKnownFileType = sourcecode.swift; path = FragileSyncOutcomeTests.swift; sourceTree = "<group>"; };
		A10000000000000000000026 /* AppleSignInTests.swift */ = {isa = PBXFileReference; lastKnownFileType = sourcecode.swift; path = AppleSignInTests.swift; sourceTree = "<group>"; };
		A10000000000000000000027 /* SharedCartJoinTests.swift */ = {isa = PBXFileReference; lastKnownFileType = sourcecode.swift; path = SharedCartJoinTests.swift; sourceTree = "<group>"; };
		D10000000000000000000001 /* CloudKitModels.swift */ = {isa = PBXFileReference; lastKnownFileType = sourcecode.swift; path = CloudKitModels.swift; sourceTree = "<group>"; };
		D10000000000000000000002 /* CloudKitErrors.swift */ = {isa = PBXFileReference; lastKnownFileType = sourcecode.swift; path = CloudKitErrors.swift; sourceTree = "<group>"; };
		D10000000000000000000003 /* CloudKitShareSupport.swift */ = {isa = PBXFileReference; lastKnownFileType = sourcecode.swift; path = CloudKitShareSupport.swift; sourceTree = "<group>"; };
		D10000000000000000000004 /* CloudKitPermissionAuthorizer.swift */ = {isa = PBXFileReference; lastKnownFileType = sourcecode.swift; path = CloudKitPermissionAuthorizer.swift; sourceTree = "<group>"; };
		D10000000000000000000005 /* CloudKitBackendService.swift */ = {isa = PBXFileReference; lastKnownFileType = sourcecode.swift; path = CloudKitBackendService.swift; sourceTree = "<group>"; };
		D10000000000000000000006 /* FamilyInviteLinkBuilder.swift */ = {isa = PBXFileReference; lastKnownFileType = sourcecode.swift; path = FamilyInviteLinkBuilder.swift; sourceTree = "<group>"; };
		D10000000000000000000007 /* CartSyncService.swift */ = {isa = PBXFileReference; lastKnownFileType = sourcecode.swift; path = CartSyncService.swift; sourceTree = "<group>"; };
		D1000000000000000000000C /* CartContentStore.swift */ = {isa = PBXFileReference; lastKnownFileType = sourcecode.swift; path = CartContentStore.swift; sourceTree = "<group>"; };
		D1000000000000000000000D /* SessionBootstrapper.swift */ = {isa = PBXFileReference; lastKnownFileType = sourcecode.swift; path = SessionBootstrapper.swift; sourceTree = "<group>"; };
		D1000000000000000000000E /* CloudSyncCoordinator.swift */ = {isa = PBXFileReference; lastKnownFileType = sourcecode.swift; path = CloudSyncCoordinator.swift; sourceTree = "<group>"; };
		D10000000000000000000008 /* FamilyShareOrchestrator.swift */ = {isa = PBXFileReference; lastKnownFileType = sourcecode.swift; path = FamilyShareOrchestrator.swift; sourceTree = "<group>"; };
		D10000000000000000000009 /* HistoryViews.swift */ = {isa = PBXFileReference; lastKnownFileType = sourcecode.swift; path = HistoryViews.swift; sourceTree = "<group>"; };
		D1000000000000000000000A /* CartChromeViews.swift */ = {isa = PBXFileReference; lastKnownFileType = sourcecode.swift; path = CartChromeViews.swift; sourceTree = "<group>"; };
		E10000000000000000000001 /* OneCartStableID.swift */ = {isa = PBXFileReference; lastKnownFileType = sourcecode.swift; path = OneCartStableID.swift; sourceTree = "<group>"; };
		E10000000000000000000002 /* AppleSignInService.swift */ = {isa = PBXFileReference; lastKnownFileType = sourcecode.swift; path = AppleSignInService.swift; sourceTree = "<group>"; };
		E10000000000000000000003 /* WelcomeView.swift */ = {isa = PBXFileReference; lastKnownFileType = sourcecode.swift; path = WelcomeView.swift; sourceTree = "<group>"; };
		E10000000000000000000004 /* WelcomeViewModel.swift */ = {isa = PBXFileReference; lastKnownFileType = sourcecode.swift; path = WelcomeViewModel.swift; sourceTree = "<group>"; };
		E10000000000000000000005 /* ShoppingViewModel.swift */ = {isa = PBXFileReference; lastKnownFileType = sourcecode.swift; path = ShoppingViewModel.swift; sourceTree = "<group>"; };
		E10000000000000000000007 /* Localizable.xcstrings */ = {isa = PBXFileReference; lastKnownFileType = text.json.xcstrings; path = Localizable.xcstrings; sourceTree = "<group>"; };
		E10000000000000000000008 /* InfoPlist.xcstrings */ = {isa = PBXFileReference; lastKnownFileType = text.json.xcstrings; path = InfoPlist.xcstrings; sourceTree = "<group>"; };
		F10000000000000000000001 /* FamilyCartMerge.swift */ = {isa = PBXFileReference; lastKnownFileType = sourcecode.swift; path = FamilyCartMerge.swift; sourceTree = "<group>"; };
		F10000000000000000000002 /* MainTabView.swift */ = {isa = PBXFileReference; lastKnownFileType = sourcecode.swift; path = MainTabView.swift; sourceTree = "<group>"; };
		F10000000000000000000003 /* MoreView.swift */ = {isa = PBXFileReference; lastKnownFileType = sourcecode.swift; path = MoreView.swift; sourceTree = "<group>"; };
		F10000000000000000000004 /* DemoUISupport.swift */ = {isa = PBXFileReference; lastKnownFileType = sourcecode.swift; path = DemoUISupport.swift; sourceTree = "<group>"; };
		F10000000000000000000005 /* SceneDelegate.swift */ = {isa = PBXFileReference; lastKnownFileType = sourcecode.swift; path = SceneDelegate.swift; sourceTree = "<group>"; };
/* End PBXFileReference section */

/* Begin PBXFrameworksBuildPhase section */
		504EC3011FED79650016851F /* Frameworks */ = {
			isa = PBXFrameworksBuildPhase;
			buildActionMask = 2147483647;
			files = (
			);
			runOnlyForDeploymentPostprocessing = 0;
		};
		A40000000000000000000003 /* Frameworks */ = {
			isa = PBXFrameworksBuildPhase;
			buildActionMask = 2147483647;
			files = (
			);
			runOnlyForDeploymentPostprocessing = 0;
		};
/* End PBXFrameworksBuildPhase section */

/* Begin PBXGroup section */
		504EC2FB1FED79650016851F = {
			isa = PBXGroup;
			children = (
				G10000000000000000000001 /* Application */,
				G10000000000000000000002 /* Features */,
				G10000000000000000000003 /* Data */,
				G10000000000000000000004 /* Shared */,
				G10000000000000000000005 /* Resources */,
				A30000000000000000000001 /* Tests */,
				504EC3051FED79650016851F /* Products */,
			);
			sourceTree = "<group>";
		};
		504EC3051FED79650016851F /* Products */ = {
			isa = PBXGroup;
			children = (
				504EC3041FED79650016851F /* OneCart.app */,
				A1000000000000000000000E /* OneCartTests.xctest */,
			);
			name = Products;
			sourceTree = "<group>";
		};
		A30000000000000000000001 /* Tests */ = {
			isa = PBXGroup;
			children = (
				A10000000000000000000018 /* FamilyCartMergeTests.swift */,
				A10000000000000000000019 /* ManagedObjectModelTests.swift */,
				A1000000000000000000001D /* CartTestSupport.swift */,
				A1000000000000000000001E /* CartItemsTests.swift */,
				A1000000000000000000001F /* PurchaseSessionTests.swift */,
				A10000000000000000000020 /* FamilyCartLifecycleTests.swift */,
				A10000000000000000000021 /* CartAccessTests.swift */,
				A10000000000000000000022 /* StableIDTests.swift */,
				A10000000000000000000023 /* PersistenceRoutingTests.swift */,
				A10000000000000000000024 /* CloudKitErrorMappingTests.swift */,
				A10000000000000000000030 /* FragileStoreLoadTests.swift */,
				A10000000000000000000031 /* FragileSyncOutcomeTests.swift */,
				A10000000000000000000026 /* AppleSignInTests.swift */,
				A10000000000000000000027 /* SharedCartJoinTests.swift */,
			);
			path = Tests;
			sourceTree = "<group>";
		};
		G10000000000000000000001 /* Application */ = {
			isa = PBXGroup;
			children = (
				504EC3071FED79650016851F /* AppDelegate.swift */,
				F10000000000000000000005 /* SceneDelegate.swift */,
				A10000000000000000000002 /* OneCartApp.swift */,
				A10000000000000000000008 /* AppSession.swift */,
				D10000000000000000000007 /* CartSyncService.swift */,
				D1000000000000000000000C /* CartContentStore.swift */,
				D1000000000000000000000D /* SessionBootstrapper.swift */,
				D1000000000000000000000E /* CloudSyncCoordinator.swift */,
				D10000000000000000000008 /* FamilyShareOrchestrator.swift */,
				A10000000000000000000009 /* RootView.swift */,
				F10000000000000000000002 /* MainTabView.swift */,
				F10000000000000000000004 /* DemoUISupport.swift */,
			);
			path = Application;
			sourceTree = "<group>";
		};
		G10000000000000000000002 /* Features */ = {
			isa = PBXGroup;
			children = (
				G10000000000000000000010 /* Onboarding */,
				G10000000000000000000011 /* Shopping */,
				G10000000000000000000014 /* Settings */,
				G10000000000000000000015 /* Profile */,
			);
			path = Features;
			sourceTree = "<group>";
		};
		G10000000000000000000003 /* Data */ = {
			isa = PBXGroup;
			children = (
				G10000000000000000000020 /* Persistence */,
				G10000000000000000000021 /* CloudKit */,
				G10000000000000000000022 /* Authentication */,
			);
			path = Data;
			sourceTree = "<group>";
		};
		G10000000000000000000004 /* Shared */ = {
			isa = PBXGroup;
			children = (
				G10000000000000000000030 /* Media */,
				G10000000000000000000031 /* Support */,
			);
			path = Shared;
			sourceTree = "<group>";
		};
		G10000000000000000000005 /* Resources */ = {
			isa = PBXGroup;
			children = (
				504EC30E1FED79650016851F /* Assets.xcassets */,
				504EC3101FED79650016851F /* LaunchScreen.storyboard */,
				504EC3131FED79650016851F /* Info.plist */,
				E10000000000000000000007 /* Localizable.xcstrings */,
				E10000000000000000000008 /* InfoPlist.xcstrings */,
				A1000000000000000000000F /* OneCartDebug.entitlements */,
				A10000000000000000000014 /* OneCartRelease.entitlements */,
				A10000000000000000000015 /* PrivacyInfo.xcprivacy */,
			);
			path = Resources;
			sourceTree = "<group>";
		};
		G10000000000000000000010 /* Onboarding */ = {
			isa = PBXGroup;
			children = (
				E10000000000000000000003 /* WelcomeView.swift */,
				E10000000000000000000004 /* WelcomeViewModel.swift */,
			);
			path = Onboarding;
			sourceTree = "<group>";
		};
		G10000000000000000000011 /* Shopping */ = {
			isa = PBXGroup;
			children = (
				A1000000000000000000000A /* ShoppingViews.swift */,
				D10000000000000000000009 /* HistoryViews.swift */,
				D1000000000000000000000A /* CartChromeViews.swift */,
				E10000000000000000000005 /* ShoppingViewModel.swift */,
			);
			path = Shopping;
			sourceTree = "<group>";
		};
		G10000000000000000000014 /* Settings */ = {
			isa = PBXGroup;
			children = (
				A1000000000000000000001B /* CartManagementSheet.swift */,
				A1000000000000000000001C /* CartShareViewModel.swift */,
				F10000000000000000000003 /* MoreView.swift */,
			);
			path = Settings;
			sourceTree = "<group>";
		};
		G10000000000000000000015 /* Profile */ = {
			isa = PBXGroup;
			children = (
				A10000000000000000000013 /* ProfileView.swift */,
			);
			path = Profile;
			sourceTree = "<group>";
		};
		G10000000000000000000020 /* Persistence */ = {
			isa = PBXGroup;
			children = (
				A10000000000000000000003 /* ManagedObjects.swift */,
				A10000000000000000000004 /* PersistenceController.swift */,
				A10000000000000000000005 /* FamilySpaceRepository.swift */,
			);
			path = Persistence;
			sourceTree = "<group>";
		};
		G10000000000000000000021 /* CloudKit */ = {
			isa = PBXGroup;
			children = (
				D10000000000000000000001 /* CloudKitModels.swift */,
				D10000000000000000000002 /* CloudKitErrors.swift */,
				D10000000000000000000003 /* CloudKitShareSupport.swift */,
				D10000000000000000000004 /* CloudKitPermissionAuthorizer.swift */,
				D10000000000000000000005 /* CloudKitBackendService.swift */,
				D10000000000000000000006 /* FamilyInviteLinkBuilder.swift */,
			);
			path = CloudKit;
			sourceTree = "<group>";
		};
		G10000000000000000000022 /* Authentication */ = {
			isa = PBXGroup;
			children = (
				E10000000000000000000002 /* AppleSignInService.swift */,
			);
			path = Authentication;
			sourceTree = "<group>";
		};
		G10000000000000000000030 /* Media */ = {
			isa = PBXGroup;
			children = (
				A10000000000000000000010 /* ProductMedia.swift */,
			);
			path = Media;
			sourceTree = "<group>";
		};
		G10000000000000000000031 /* Support */ = {
			isa = PBXGroup;
			children = (
				E10000000000000000000001 /* OneCartStableID.swift */,
				F10000000000000000000001 /* FamilyCartMerge.swift */,
			);
			path = Support;
			sourceTree = "<group>";
		};
/* End PBXGroup section */

/* Begin PBXNativeTarget section */
		504EC3031FED79650016851F /* OneCart */ = {
			isa = PBXNativeTarget;
			buildConfigurationList = 504EC3161FED79650016851F /* Build configuration list for PBXNativeTarget "OneCart" */;
			buildPhases = (
				504EC3001FED79650016851F /* Sources */,
				504EC3011FED79650016851F /* Frameworks */,
				504EC3021FED79650016851F /* Resources */,
			);
			buildRules = (
			);
			dependencies = (
			);
			name = OneCart;
			packageProductDependencies = (
			);
			productName = OneCart;
			productReference = 504EC3041FED79650016851F /* OneCart.app */;
			productType = "com.apple.product-type.application";
		};
		A40000000000000000000001 /* OneCartTests */ = {
			isa = PBXNativeTarget;
			buildConfigurationList = A40000000000000000000005 /* Build configuration list for PBXNativeTarget "OneCartTests" */;
			buildPhases = (
				A40000000000000000000002 /* Sources */,
				A40000000000000000000003 /* Frameworks */,
				A40000000000000000000004 /* Resources */,
			);
			buildRules = (
			);
			dependencies = (
				A60000000000000000000002 /* PBXTargetDependency */,
			);
			name = OneCartTests;
			packageProductDependencies = (
			);
			productName = OneCartTests;
			productReference = A1000000000000000000000E /* OneCartTests.xctest */;
			productType = "com.apple.product-type.bundle.unit-test";
		};
/* End PBXNativeTarget section */

/* Begin PBXProject section */
		504EC2FC1FED79650016851F /* Project object */ = {
			isa = PBXProject;
			attributes = {
				BuildIndependentTargetsInParallel = YES;
				LastSwiftUpdateCheck = 2600;
				LastUpgradeCheck = 2660;
				TargetAttributes = {
					504EC3031FED79650016851F = {
						CreatedOnToolsVersion = 9.2;
						LastSwiftMigration = 2600;
						ProvisioningStyle = Automatic;
						SystemCapabilities = {
							com.apple.Push = {
								enabled = 1;
							};
							com.apple.SignInWithApple = {
								enabled = 1;
							};
							com.apple.iCloud = {
								enabled = 1;
							};
						};
					};
					A40000000000000000000001 = {
						CreatedOnToolsVersion = 26.0;
						ProvisioningStyle = Automatic;
						TestTargetID = 504EC3031FED79650016851F;
					};
				};
			};
			buildConfigurationList = 504EC2FF1FED79650016851F /* Build configuration list for PBXProject "OneCart" */;
			compatibilityVersion = "Xcode 14.0";
			developmentRegion = en;
			hasScannedForEncodings = 0;
			knownRegions = (
				en,
				ru,
				uk,
				Base,
			);
			mainGroup = 504EC2FB1FED79650016851F;
			packageReferences = (
			);
			productRefGroup = 504EC3051FED79650016851F /* Products */;
			projectDirPath = "";
			projectRoot = "";
			targets = (
				504EC3031FED79650016851F /* OneCart */,
				A40000000000000000000001 /* OneCartTests */,
			);
		};
/* End PBXProject section */

/* Begin PBXResourcesBuildPhase section */
		504EC3021FED79650016851F /* Resources */ = {
			isa = PBXResourcesBuildPhase;
			buildActionMask = 2147483647;
			files = (
				504EC3121FED79650016851F /* LaunchScreen.storyboard in Resources */,
				504EC30F1FED79650016851F /* Assets.xcassets in Resources */,
				E20000000000000000000007 /* Localizable.xcstrings in Resources */,
				E20000000000000000000008 /* InfoPlist.xcstrings in Resources */,
			);
			runOnlyForDeploymentPostprocessing = 0;
		};
		A40000000000000000000004 /* Resources */ = {
			isa = PBXResourcesBuildPhase;
			buildActionMask = 2147483647;
			files = (
			);
			runOnlyForDeploymentPostprocessing = 0;
		};
/* End PBXResourcesBuildPhase section */

/* Begin PBXSourcesBuildPhase section */
		504EC3001FED79650016851F /* Sources */ = {
			isa = PBXSourcesBuildPhase;
			buildActionMask = 2147483647;
			files = (
				504EC3081FED79650016851F /* AppDelegate.swift in Sources */,
				F20000000000000000000005 /* SceneDelegate.swift in Sources */,
				A20000000000000000000002 /* OneCartApp.swift in Sources */,
				A20000000000000000000003 /* ManagedObjects.swift in Sources */,
				A20000000000000000000004 /* PersistenceController.swift in Sources */,
				A20000000000000000000005 /* FamilySpaceRepository.swift in Sources */,
				D20000000000000000000002 /* CloudKitModels.swift in Sources */,
				D20000000000000000000003 /* CloudKitErrors.swift in Sources */,
				D20000000000000000000004 /* CloudKitShareSupport.swift in Sources */,
				D20000000000000000000005 /* CloudKitPermissionAuthorizer.swift in Sources */,
				D20000000000000000000006 /* CloudKitBackendService.swift in Sources */,
				D20000000000000000000007 /* FamilyInviteLinkBuilder.swift in Sources */,
				D20000000000000000000008 /* CartSyncService.swift in Sources */,
				D2000000000000000000000C /* CartContentStore.swift in Sources */,
				D2000000000000000000000D /* SessionBootstrapper.swift in Sources */,
				D2000000000000000000000E /* CloudSyncCoordinator.swift in Sources */,
				D20000000000000000000009 /* FamilyShareOrchestrator.swift in Sources */,
				D2000000000000000000000A /* HistoryViews.swift in Sources */,
				D2000000000000000000000B /* CartChromeViews.swift in Sources */,
				E20000000000000000000001 /* OneCartStableID.swift in Sources */,
				E20000000000000000000002 /* AppleSignInService.swift in Sources */,
				E20000000000000000000003 /* WelcomeView.swift in Sources */,
				E20000000000000000000004 /* WelcomeViewModel.swift in Sources */,
				E20000000000000000000005 /* ShoppingViewModel.swift in Sources */,
				F20000000000000000000001 /* FamilyCartMerge.swift in Sources */,
				A20000000000000000000008 /* AppSession.swift in Sources */,
				A20000000000000000000009 /* RootView.swift in Sources */,
				A2000000000000000000000A /* ShoppingViews.swift in Sources */,
				A20000000000000000000016 /* CartManagementSheet.swift in Sources */,
				A20000000000000000000017 /* CartShareViewModel.swift in Sources */,
				A2000000000000000000000E /* ProductMedia.swift in Sources */,
				A20000000000000000000010 /* ProfileView.swift in Sources */,
				F20000000000000000000002 /* MainTabView.swift in Sources */,
				F20000000000000000000004 /* DemoUISupport.swift in Sources */,
				F20000000000000000000003 /* MoreView.swift in Sources */,
			);
			runOnlyForDeploymentPostprocessing = 0;
		};
		A40000000000000000000002 /* Sources */ = {
			isa = PBXSourcesBuildPhase;
			buildActionMask = 2147483647;
			files = (
				A20000000000000000000013 /* FamilyCartMergeTests.swift in Sources */,
				A20000000000000000000014 /* ManagedObjectModelTests.swift in Sources */,
				A20000000000000000000018 /* CartTestSupport.swift in Sources */,
				A20000000000000000000019 /* CartItemsTests.swift in Sources */,
				A2000000000000000000001A /* PurchaseSessionTests.swift in Sources */,
				A2000000000000000000001B /* FamilyCartLifecycleTests.swift in Sources */,
				A2000000000000000000001C /* CartAccessTests.swift in Sources */,
				A2000000000000000000001D /* StableIDTests.swift in Sources */,
				A2000000000000000000001E /* PersistenceRoutingTests.swift in Sources */,
				A2000000000000000000001F /* CloudKitErrorMappingTests.swift in Sources */,
				A20000000000000000000030 /* FragileStoreLoadTests.swift in Sources */,
				A20000000000000000000031 /* FragileSyncOutcomeTests.swift in Sources */,
				A20000000000000000000021 /* AppleSignInTests.swift in Sources */,
				A20000000000000000000022 /* SharedCartJoinTests.swift in Sources */,
			);
			runOnlyForDeploymentPostprocessing = 0;
		};
/* End PBXSourcesBuildPhase section */

/* Begin PBXTargetDependency section */
		A60000000000000000000002 /* PBXTargetDependency */ = {
			isa = PBXTargetDependency;
			target = 504EC3031FED79650016851F /* OneCart */;
			targetProxy = A60000000000000000000001 /* PBXContainerItemProxy */;
		};
/* End PBXTargetDependency section */

/* Begin PBXVariantGroup section */
		504EC3101FED79650016851F /* LaunchScreen.storyboard */ = {
			isa = PBXVariantGroup;
			children = (
				504EC3111FED79650016851F /* Base */,
			);
			name = LaunchScreen.storyboard;
			sourceTree = "<group>";
		};
/* End PBXVariantGroup section */

/* Begin XCBuildConfiguration section */
		504EC3141FED79650016851F /* Debug */ = {
			isa = XCBuildConfiguration;
			buildSettings = {
				ALWAYS_SEARCH_USER_PATHS = NO;
				CLANG_ANALYZER_LOCALIZABILITY_NONLOCALIZED = YES;
				CLANG_ANALYZER_NONNULL = YES;
				CLANG_ANALYZER_NUMBER_OBJECT_CONVERSION = YES_AGGRESSIVE;
				CLANG_CXX_LANGUAGE_STANDARD = "gnu++14";
				CLANG_CXX_LIBRARY = "libc++";
				CLANG_ENABLE_MODULES = YES;
				CLANG_ENABLE_OBJC_ARC = YES;
				CLANG_WARN_BLOCK_CAPTURE_AUTORELEASING = YES;
				CLANG_WARN_BOOL_CONVERSION = YES;
				CLANG_WARN_COMMA = YES;
				CLANG_WARN_CONSTANT_CONVERSION = YES;
				CLANG_WARN_DEPRECATED_OBJC_IMPLEMENTATIONS = YES;
				CLANG_WARN_DIRECT_OBJC_ISA_USAGE = YES_ERROR;
				CLANG_WARN_DOCUMENTATION_COMMENTS = YES;
				CLANG_WARN_EMPTY_BODY = YES;
				CLANG_WARN_ENUM_CONVERSION = YES;
				CLANG_WARN_INFINITE_RECURSION = YES;
				CLANG_WARN_INT_CONVERSION = YES;
				CLANG_WARN_NON_LITERAL_NULL_CONVERSION = YES;
				CLANG_WARN_OBJC_IMPLICIT_RETAIN_SELF = YES;
				CLANG_WARN_OBJC_LITERAL_CONVERSION = YES;
				CLANG_WARN_OBJC_ROOT_CLASS = YES_ERROR;
				CLANG_WARN_QUOTED_INCLUDE_IN_FRAMEWORK_HEADER = YES;
				CLANG_WARN_RANGE_LOOP_ANALYSIS = YES;
				CLANG_WARN_STRICT_PROTOTYPES = YES;
				CLANG_WARN_SUSPICIOUS_MOVE = YES;
				CLANG_WARN_UNGUARDED_AVAILABILITY = YES_AGGRESSIVE;
				CLANG_WARN_UNREACHABLE_CODE = YES;
				CLANG_WARN__DUPLICATE_METHOD_MATCH = YES;
				CODE_SIGN_IDENTITY = "Apple Development";
				COPY_PHASE_STRIP = NO;
				DEBUG_INFORMATION_FORMAT = dwarf;
				DEVELOPMENT_TEAM = BTHRDS7254;
				ENABLE_STRICT_OBJC_MSGSEND = YES;
				ENABLE_TESTABILITY = YES;
				ENABLE_USER_SCRIPT_SANDBOXING = YES;
				GCC_C_LANGUAGE_STANDARD = gnu11;
				GCC_DYNAMIC_NO_PIC = NO;
				GCC_NO_COMMON_BLOCKS = YES;
				GCC_OPTIMIZATION_LEVEL = 0;
				GCC_PREPROCESSOR_DEFINITIONS = (
					"DEBUG=1",
					"$(inherited)",
				);
				GCC_WARN_64_TO_32_BIT_CONVERSION = YES;
				GCC_WARN_ABOUT_RETURN_TYPE = YES_ERROR;
				GCC_WARN_UNDECLARED_SELECTOR = YES;
				GCC_WARN_UNINITIALIZED_AUTOS = YES_AGGRESSIVE;
				GCC_WARN_UNUSED_FUNCTION = YES;
				GCC_WARN_UNUSED_VARIABLE = YES;
				IPHONEOS_DEPLOYMENT_TARGET = 26.0;
				MTL_ENABLE_DEBUG_INFO = YES;
				ONLY_ACTIVE_ARCH = YES;
				SDKROOT = iphoneos;
				STRING_CATALOG_GENERATE_SYMBOLS = YES;
				SWIFT_ACTIVE_COMPILATION_CONDITIONS = DEBUG;
				SWIFT_OPTIMIZATION_LEVEL = "-Onone";
			};
			name = Debug;
		};
		504EC3151FED79650016851F /* Release */ = {
			isa = XCBuildConfiguration;
			buildSettings = {
				ALWAYS_SEARCH_USER_PATHS = NO;
				CLANG_ANALYZER_LOCALIZABILITY_NONLOCALIZED = YES;
				CLANG_ANALYZER_NONNULL = YES;
				CLANG_ANALYZER_NUMBER_OBJECT_CONVERSION = YES_AGGRESSIVE;
				CLANG_CXX_LANGUAGE_STANDARD = "gnu++14";
				CLANG_CXX_LIBRARY = "libc++";
				CLANG_ENABLE_MODULES = YES;
				CLANG_ENABLE_OBJC_ARC = YES;
				CLANG_WARN_BLOCK_CAPTURE_AUTORELEASING = YES;
				CLANG_WARN_BOOL_CONVERSION = YES;
				CLANG_WARN_COMMA = YES;
				CLANG_WARN_CONSTANT_CONVERSION = YES;
				CLANG_WARN_DEPRECATED_OBJC_IMPLEMENTATIONS = YES;
				CLANG_WARN_DIRECT_OBJC_ISA_USAGE = YES_ERROR;
				CLANG_WARN_DOCUMENTATION_COMMENTS = YES;
				CLANG_WARN_EMPTY_BODY = YES;
				CLANG_WARN_ENUM_CONVERSION = YES;
				CLANG_WARN_INFINITE_RECURSION = YES;
				CLANG_WARN_INT_CONVERSION = YES;
				CLANG_WARN_NON_LITERAL_NULL_CONVERSION = YES;
				CLANG_WARN_OBJC_IMPLICIT_RETAIN_SELF = YES;
				CLANG_WARN_OBJC_LITERAL_CONVERSION = YES;
				CLANG_WARN_OBJC_ROOT_CLASS = YES_ERROR;
				CLANG_WARN_QUOTED_INCLUDE_IN_FRAMEWORK_HEADER = YES;
				CLANG_WARN_RANGE_LOOP_ANALYSIS = YES;
				CLANG_WARN_STRICT_PROTOTYPES = YES;
				CLANG_WARN_SUSPICIOUS_MOVE = YES;
				CLANG_WARN_UNGUARDED_AVAILABILITY = YES_AGGRESSIVE;
				CLANG_WARN_UNREACHABLE_CODE = YES;
				CLANG_WARN__DUPLICATE_METHOD_MATCH = YES;
				CODE_SIGN_IDENTITY = "Apple Development";
				COPY_PHASE_STRIP = NO;
				DEBUG_INFORMATION_FORMAT = "dwarf-with-dsym";
				DEVELOPMENT_TEAM = BTHRDS7254;
				ENABLE_NS_ASSERTIONS = NO;
				ENABLE_STRICT_OBJC_MSGSEND = YES;
				ENABLE_USER_SCRIPT_SANDBOXING = YES;
				GCC_C_LANGUAGE_STANDARD = gnu11;
				GCC_NO_COMMON_BLOCKS = YES;
				GCC_WARN_64_TO_32_BIT_CONVERSION = YES;
				GCC_WARN_ABOUT_RETURN_TYPE = YES_ERROR;
				GCC_WARN_UNDECLARED_SELECTOR = YES;
				GCC_WARN_UNINITIALIZED_AUTOS = YES_AGGRESSIVE;
				GCC_WARN_UNUSED_FUNCTION = YES;
				GCC_WARN_UNUSED_VARIABLE = YES;
				IPHONEOS_DEPLOYMENT_TARGET = 26.0;
				MTL_ENABLE_DEBUG_INFO = NO;
				SDKROOT = iphoneos;
				STRING_CATALOG_GENERATE_SYMBOLS = YES;
				SWIFT_COMPILATION_MODE = wholemodule;
				VALIDATE_PRODUCT = YES;
			};
			name = Release;
		};
		504EC3171FED79650016851F /* Debug */ = {
			isa = XCBuildConfiguration;
			buildSettings = {
				ASSETCATALOG_COMPILER_APPICON_NAME = AppIcon;
				CODE_SIGN_ENTITLEMENTS = Resources/OneCartDebug.entitlements;
				CODE_SIGN_STYLE = Automatic;
				CURRENT_PROJECT_VERSION = 1;
				GENERATE_INFOPLIST_FILE = NO;
				INFOPLIST_FILE = Resources/Info.plist;
				INFOPLIST_KEY_LSApplicationCategoryType = "public.app-category.utilities";
				IPHONEOS_DEPLOYMENT_TARGET = 26.0;
				LD_RUNPATH_SEARCH_PATHS = (
					"$(inherited)",
					"@executable_path/Frameworks",
				);
				MARKETING_VERSION = 1.4;
				PRODUCT_BUNDLE_IDENTIFIER = com.vil555tim.onecart;
				PRODUCT_NAME = "$(TARGET_NAME)";
				SUPPORTED_PLATFORMS = "iphoneos iphonesimulator";
				SUPPORTS_MACCATALYST = NO;
				SUPPORTS_MAC_DESIGNED_FOR_IPHONE_IPAD = NO;
				SUPPORTS_XR_DESIGNED_FOR_IPHONE_IPAD = NO;
				SWIFT_ACTIVE_COMPILATION_CONDITIONS = DEBUG;
				SWIFT_VERSION = 5.0;
				TARGETED_DEVICE_FAMILY = 1;
			};
			name = Debug;
		};
		504EC3181FED79650016851F /* Release */ = {
			isa = XCBuildConfiguration;
			buildSettings = {
				ASSETCATALOG_COMPILER_APPICON_NAME = AppIcon;
				CODE_SIGN_ENTITLEMENTS = Resources/OneCartRelease.entitlements;
				CODE_SIGN_STYLE = Automatic;
				CURRENT_PROJECT_VERSION = 1;
				GENERATE_INFOPLIST_FILE = NO;
				INFOPLIST_FILE = Resources/Info.plist;
				INFOPLIST_KEY_LSApplicationCategoryType = "public.app-category.utilities";
				IPHONEOS_DEPLOYMENT_TARGET = 26.0;
				LD_RUNPATH_SEARCH_PATHS = (
					"$(inherited)",
					"@executable_path/Frameworks",
				);
				MARKETING_VERSION = 1.4;
				PRODUCT_BUNDLE_IDENTIFIER = com.vil555tim.onecart;
				PRODUCT_NAME = "$(TARGET_NAME)";
				SUPPORTED_PLATFORMS = "iphoneos iphonesimulator";
				SUPPORTS_MACCATALYST = NO;
				SUPPORTS_MAC_DESIGNED_FOR_IPHONE_IPAD = NO;
				SUPPORTS_XR_DESIGNED_FOR_IPHONE_IPAD = NO;
				SWIFT_ACTIVE_COMPILATION_CONDITIONS = "";
				SWIFT_VERSION = 5.0;
				TARGETED_DEVICE_FAMILY = 1;
			};
			name = Release;
		};
		A50000000000000000000001 /* Debug */ = {
			isa = XCBuildConfiguration;
			buildSettings = {
				BUNDLE_LOADER = "$(TEST_HOST)";
				CODE_SIGN_STYLE = Automatic;
				GENERATE_INFOPLIST_FILE = YES;
				IPHONEOS_DEPLOYMENT_TARGET = 26.0;
				LD_RUNPATH_SEARCH_PATHS = (
					"$(inherited)",
					"@executable_path/Frameworks",
					"@loader_path/Frameworks",
				);
				PRODUCT_BUNDLE_IDENTIFIER = com.vil555tim.onecart.tests;
				PRODUCT_NAME = "$(TARGET_NAME)";
				SUPPORTED_PLATFORMS = "iphoneos iphonesimulator";
				SWIFT_ACTIVE_COMPILATION_CONDITIONS = DEBUG;
				SWIFT_VERSION = 5.0;
				TARGETED_DEVICE_FAMILY = "1,2";
				TEST_HOST = "$(BUILT_PRODUCTS_DIR)/OneCart.app/$(BUNDLE_EXECUTABLE_FOLDER_PATH)/OneCart";
			};
			name = Debug;
		};
		A50000000000000000000002 /* Release */ = {
			isa = XCBuildConfiguration;
			buildSettings = {
				BUNDLE_LOADER = "$(TEST_HOST)";
				CODE_SIGN_STYLE = Automatic;
				GENERATE_INFOPLIST_FILE = YES;
				IPHONEOS_DEPLOYMENT_TARGET = 26.0;
				LD_RUNPATH_SEARCH_PATHS = (
					"$(inherited)",
					"@executable_path/Frameworks",
					"@loader_path/Frameworks",
				);
				PRODUCT_BUNDLE_IDENTIFIER = com.vil555tim.onecart.tests;
				PRODUCT_NAME = "$(TARGET_NAME)";
				SUPPORTED_PLATFORMS = "iphoneos iphonesimulator";
				SWIFT_VERSION = 5.0;
				TARGETED_DEVICE_FAMILY = "1,2";
				TEST_HOST = "$(BUILT_PRODUCTS_DIR)/OneCart.app/$(BUNDLE_EXECUTABLE_FOLDER_PATH)/OneCart";
			};
			name = Release;
		};
/* End XCBuildConfiguration section */

/* Begin XCConfigurationList section */
		504EC2FF1FED79650016851F /* Build configuration list for PBXProject "OneCart" */ = {
			isa = XCConfigurationList;
			buildConfigurations = (
				504EC3141FED79650016851F /* Debug */,
				504EC3151FED79650016851F /* Release */,
			);
			defaultConfigurationIsVisible = 0;
			defaultConfigurationName = Release;
		};
		504EC3161FED79650016851F /* Build configuration list for PBXNativeTarget "OneCart" */ = {
			isa = XCConfigurationList;
			buildConfigurations = (
				504EC3171FED79650016851F /* Debug */,
				504EC3181FED79650016851F /* Release */,
			);
			defaultConfigurationIsVisible = 0;
			defaultConfigurationName = Release;
		};
		A40000000000000000000005 /* Build configuration list for PBXNativeTarget "OneCartTests" */ = {
			isa = XCConfigurationList;
			buildConfigurations = (
				A50000000000000000000001 /* Debug */,
				A50000000000000000000002 /* Release */,
			);
			defaultConfigurationIsVisible = 0;
			defaultConfigurationName = Release;
		};
/* End XCConfigurationList section */
	};
	rootObject = 504EC2FC1FED79650016851F /* Project object */;
}
